# This file is automatically @generated by Poetry 1.4.0 and should not be changed by hand.

[[package]]
name = "hpc-interact"
version = "0.1.0"
description = "Used for file transfer and sending predefined commands to an hpc cluster"
category = "main"
optional = false
python-versions = ">=3.8,<4.0"
files = [
    {file = "hpc_interact-0.1.0-py3-none-any.whl", hash = "sha256:13e2de5b3958bcbea0c6747be4fa4c6c126ef7209b762fd48a7ffefbba8dd696"},
    {file = "hpc_interact-0.1.0.tar.gz", hash = "sha256:2e152a13a5c61517bf51bec3381af2592d31423c54538d5566dfd0bae4d0e3f2"},
]

[[package]]
name = "pypdf"
version = "3.5.2"
description = "A pure-python PDF library capable of splitting, merging, cropping, and transforming PDF files"
category = "main"
optional = false
python-versions = ">=3.6"
files = [
    {file = "pypdf-3.5.2-py3-none-any.whl", hash = "sha256:e326d699f42fd163ddbb2fdd9978aa1ba2b610aeb4c07bb6935eda5cdd87ae89"},
    {file = "pypdf-3.5.2.tar.gz", hash = "sha256:49e0598c417107dde904daf6a62ce731991f51ce98c55d808ac7b3e952904e6d"},
]

[package.dependencies]
typing_extensions = {version = ">=3.10.0.0", markers = "python_version < \"3.10\""}

[package.extras]
crypto = ["PyCryptodome"]
dev = ["black", "flit", "pip-tools", "pre-commit (<2.18.0)", "pytest-cov", "wheel"]
docs = ["myst_parser", "sphinx", "sphinx_rtd_theme"]
full = ["Pillow", "PyCryptodome"]
image = ["Pillow"]

[[package]]
name = "typing-extensions"
version = "4.5.0"
description = "Backported and Experimental Type Hints for Python 3.7+"
category = "main"
optional = false
python-versions = ">=3.7"
files = [
    {file = "typing_extensions-4.5.0-py3-none-any.whl", hash = "sha256:fb33085c39dd998ac16d1431ebc293a8b3eedd00fd4a32de0ff79002c19511b4"},
    {file = "typing_extensions-4.5.0.tar.gz", hash = "sha256:5cb5f4a79139d699607b3ef622a1dedafa84e115ab0024e0d9c044a9479ca7cb"},
]

[metadata]
lock-version = "2.0"
python-versions = ">=3.8,<4.0"
content-hash = "0eeb81abd8c5a03f638b8d4e72adb4aa8cf66f162243d1905c1d3fa37386f694"
